
Microsoft Visual Studio Solution File, Format Version 12.00
# Visual Studio Version 17
VisualStudioVersion = 17.13.35825.156 d17.13
MinimumVisualStudioVersion = 10.0.40219.1
Project("{FAE04EC0-301F-11D3-BF4B-00C04F79EFBC}") = "SistemaVenta.API", "SistemaVenta.API\SistemaVenta.API.csproj", "{2F5426FC-6E54-49B5-9C9D-A74B95A1E85F}"
EndProject
Project("{FAE04EC0-301F-11D3-BF4B-00C04F79EFBC}") = "SistemaVenta.DAL", "SistemaVentas.DAL\SistemaVenta.DAL.csproj", "{497A50BF-FFB8-4C0C-BEB6-6DA43ABF5E7E}"
EndProject
Project("{FAE04EC0-301F-11D3-BF4B-00C04F79EFBC}") = "SistemaVenta.BLL", "SistemaVenta.BLL\SistemaVenta.BLL.csproj", "{15B571A2-C884-4E52-A28E-93A9F92A39C4}"
EndProject
Project("{FAE04EC0-301F-11D3-BF4B-00C04F79EFBC}") = "SistemaVenta.Model", "SistemaVenta.Model\SistemaVenta.Model.csproj", "{3AE36421-4CBD-4D1B-BFC0-9520D39F656E}"
EndProject
Project("{FAE04EC0-301F-11D3-BF4B-00C04F79EFBC}") = "SistemaVenta.IOC", "SistemaVenta.IOC\SistemaVenta.IOC.csproj", "{6F4D3851-C732-4664-8B47-C51B8BECDCB4}"
EndProject
Project("{FAE04EC0-301F-11D3-BF4B-00C04F79EFBC}") = "SistemaVenta.DTO", "SistemaVenta.DTO\SistemaVenta.DTO.csproj", "{7BC1F74D-3028-489D-BA25-94BFE531B2E4}"
EndProject
Project("{FAE04EC0-301F-11D3-BF4B-00C04F79EFBC}") = "SistemaVenta.Utility", "SistemaVenta.Utility\SistemaVenta.Utility.csproj", "{125C4150-B1FE-4C28-A893-A187FEA9411C}"
EndProject
Global
	GlobalSection(SolutionConfigurationPlatforms) = preSolution
		Debug|Any CPU = Debug|Any CPU
		Release|Any CPU = Release|Any CPU
	EndGlobalSection
	GlobalSection(ProjectConfigurationPlatforms) = postSolution
		{2F5426FC-6E54-49B5-9C9D-A74B95A1E85F}.Debug|Any CPU.ActiveCfg = Debug|Any CPU
		{2F5426FC-6E54-49B5-9C9D-A74B95A1E85F}.Debug|Any CPU.Build.0 = Debug|Any CPU
		{2F5426FC-6E54-49B5-9C9D-A74B95A1E85F}.Release|Any CPU.ActiveCfg = Release|Any CPU
		{2F5426FC-6E54-49B5-9C9D-A74B95A1E85F}.Release|Any CPU.Build.0 = Release|Any CPU
		{497A50BF-FFB8-4C0C-BEB6-6DA43ABF5E7E}.Debug|Any CPU.ActiveCfg = Debug|Any CPU
		{497A50BF-FFB8-4C0C-BEB6-6DA43ABF5E7E}.Debug|Any CPU.Build.0 = Debug|Any CPU
		{497A50BF-FFB8-4C0C-BEB6-6DA43ABF5E7E}.Release|Any CPU.ActiveCfg = Release|Any CPU
		{497A50BF-FFB8-4C0C-BEB6-6DA43ABF5E7E}.Release|Any CPU.Build.0 = Release|Any CPU
		{15B571A2-C884-4E52-A28E-93A9F92A39C4}.Debug|Any CPU.ActiveCfg = Debug|Any CPU
		{15B571A2-C884-4E52-A28E-93A9F92A39C4}.Debug|Any CPU.Build.0 = Debug|Any CPU
		{15B571A2-C884-4E52-A28E-93A9F92A39C4}.Release|Any CPU.ActiveCfg = Release|Any CPU
		{15B571A2-C884-4E52-A28E-93A9F92A39C4}.Release|Any CPU.Build.0 = Release|Any CPU
		{3AE36421-4CBD-4D1B-BFC0-9520D39F656E}.Debug|Any CPU.ActiveCfg = Debug|Any CPU
		{3AE36421-4CBD-4D1B-BFC0-9520D39F656E}.Debug|Any CPU.Build.0 = Debug|Any CPU
		{3AE36421-4CBD-4D1B-BFC0-9520D39F656E}.Release|Any CPU.ActiveCfg = Release|Any CPU
		{3AE36421-4CBD-4D1B-BFC0-9520D39F656E}.Release|Any CPU.Build.0 = Release|Any CPU
		{6F4D3851-C732-4664-8B47-C51B8BECDCB4}.Debug|Any CPU.ActiveCfg = Debug|Any CPU
		{6F4D3851-C732-4664-8B47-C51B8BECDCB4}.Debug|Any CPU.Build.0 = Debug|Any CPU
		{6F4D3851-C732-4664-8B47-C51B8BECDCB4}.Release|Any CPU.ActiveCfg = Release|Any CPU
		{6F4D3851-C732-4664-8B47-C51B8BECDCB4}.Release|Any CPU.Build.0 = Release|Any CPU
		{7BC1F74D-3028-489D-BA25-94BFE531B2E4}.Debug|Any CPU.ActiveCfg = Debug|Any CPU
		{7BC1F74D-3028-489D-BA25-94BFE531B2E4}.Debug|Any CPU.Build.0 = Debug|Any CPU
		{7BC1F74D-3028-489D-BA25-94BFE531B2E4}.Release|Any CPU.ActiveCfg = Release|Any CPU
		{7BC1F74D-3028-489D-BA25-94BFE531B2E4}.Release|Any CPU.Build.0 = Release|Any CPU
		{125C4150-B1FE-4C28-A893-A187FEA9411C}.Debug|Any CPU.ActiveCfg = Debug|Any CPU
		{125C4150-B1FE-4C28-A893-A187FEA9411C}.Debug|Any CPU.Build.0 = Debug|Any CPU
		{125C4150-B1FE-4C28-A893-A187FEA9411C}.Release|Any CPU.ActiveCfg = Release|Any CPU
		{125C4150-B1FE-4C28-A893-A187FEA9411C}.Release|Any CPU.Build.0 = Release|Any CPU
	EndGlobalSection
	GlobalSection(SolutionProperties) = preSolution
		HideSolutionNode = FALSE
	EndGlobalSection
	GlobalSection(ExtensibilityGlobals) = postSolution
		SolutionGuid = {91EBC1BF-904D-48D8-B8BF-81569482FFE5}
	EndGlobalSection
EndGlobal
